// !$*UTF8*$!
{
	archiveVersion = 1;
	classes = {
	};
	objectVersion = 46;
	objects = {

/* Begin PBXBuildFile section */
		282ECBAB19CDED3F00026184 /* NSJSONSerialization+XLJSONSerialization.m in Sources */ = {isa = PBXBuildFile; fileRef = 282ECBAA19CDED3F00026184 /* NSJSONSerialization+XLJSONSerialization.m */; };
		282ECBAE19CDED5B00026184 /* XLSwipeBarView.m in Sources */ = {isa = PBXBuildFile; fileRef = 282ECBAD19CDED5B00026184 /* XLSwipeBarView.m */; };
		282ECBB219CDF40900026184 /* PostCell.m in Sources */ = {isa = PBXBuildFile; fileRef = 282ECBB119CDF40900026184 /* PostCell.m */; };
		285BE80418BE20CA00863AE4 /* Foundation.framework in Frameworks */ = {isa = PBXBuildFile; fileRef = 285BE80318BE20CA00863AE4 /* Foundation.framework */; };
		285BE80618BE20CA00863AE4 /* CoreGraphics.framework in Frameworks */ = {isa = PBXBuildFile; fileRef = 285BE80518BE20CA00863AE4 /* CoreGraphics.framework */; };
		285BE80818BE20CA00863AE4 /* UIKit.framework in Frameworks */ = {isa = PBXBuildFile; fileRef = 285BE80718BE20CA00863AE4 /* UIKit.framework */; };
		285BE80E18BE20CA00863AE4 /* InfoPlist.strings in Resources */ = {isa = PBXBuildFile; fileRef = 285BE80C18BE20CA00863AE4 /* InfoPlist.strings */; };
		285BE81018BE20CA00863AE4 /* main.m in Sources */ = {isa = PBXBuildFile; fileRef = 285BE80F18BE20CA00863AE4 /* main.m */; };
		285BE81418BE20CA00863AE4 /* AppDelegate.m in Sources */ = {isa = PBXBuildFile; fileRef = 285BE81318BE20CA00863AE4 /* AppDelegate.m */; };
		285BE81618BE20CA00863AE4 /* Images.xcassets in Resources */ = {isa = PBXBuildFile; fileRef = 285BE81518BE20CA00863AE4 /* Images.xcassets */; };
		285BE81D18BE20CA00863AE4 /* XCTest.framework in Frameworks */ = {isa = PBXBuildFile; fileRef = 285BE81C18BE20CA00863AE4 /* XCTest.framework */; };
		285BE81E18BE20CA00863AE4 /* Foundation.framework in Frameworks */ = {isa = PBXBuildFile; fileRef = 285BE80318BE20CA00863AE4 /* Foundation.framework */; };
		285BE81F18BE20CA00863AE4 /* UIKit.framework in Frameworks */ = {isa = PBXBuildFile; fileRef = 285BE80718BE20CA00863AE4 /* UIKit.framework */; };
		285BE82718BE20CA00863AE4 /* InfoPlist.strings in Resources */ = {isa = PBXBuildFile; fileRef = 285BE82518BE20CA00863AE4 /* InfoPlist.strings */; };
		285BE82918BE20CA00863AE4 /* XLMailBoxContainerTests.m in Sources */ = {isa = PBXBuildFile; fileRef = 285BE82818BE20CA00863AE4 /* XLMailBoxContainerTests.m */; };
		285BE83918BE24CE00863AE4 /* XLSwipeContainerController.m in Sources */ = {isa = PBXBuildFile; fileRef = 285BE83418BE24CE00863AE4 /* XLSwipeContainerController.m */; };
		285BE84018BE278000863AE4 /* MailBoxTableChildViewController.m in Sources */ = {isa = PBXBuildFile; fileRef = 285BE83F18BE278000863AE4 /* MailBoxTableChildViewController.m */; };
		285BE84618BEC5B300863AE4 /* MailBoxChildViewController.m in Sources */ = {isa = PBXBuildFile; fileRef = 285BE84518BEC5B300863AE4 /* MailBoxChildViewController.m */; };
		28C0745719CB332B00D6ACA8 /* XLSegmentedSwipeContainerController.m in Sources */ = {isa = PBXBuildFile; fileRef = 28C0745619CB332B00D6ACA8 /* XLSegmentedSwipeContainerController.m */; };
		28C0745919CB6BC800D6ACA8 /* Storyboard.storyboard in Resources */ = {isa = PBXBuildFile; fileRef = 28C0745819CB6BC800D6ACA8 /* Storyboard.storyboard */; };
		28C0745C19CB6F3600D6ACA8 /* StoryContainerViewController.m in Sources */ = {isa = PBXBuildFile; fileRef = 28C0745B19CB6F3600D6ACA8 /* StoryContainerViewController.m */; };
		28C0746619CCA13C00D6ACA8 /* XLBarSwipeContainerController.m in Sources */ = {isa = PBXBuildFile; fileRef = 28C0746519CCA13C00D6ACA8 /* XLBarSwipeContainerController.m */; };
		28C0746919CCDFFC00D6ACA8 /* XLSwipeButtonBarView.m in Sources */ = {isa = PBXBuildFile; fileRef = 28C0746819CCDFFC00D6ACA8 /* XLSwipeButtonBarView.m */; };
		28C0746C19CCF35B00D6ACA8 /* XLButtonBarSwipeContainerController.m in Sources */ = {isa = PBXBuildFile; fileRef = 28C0746B19CCF35B00D6ACA8 /* XLButtonBarSwipeContainerController.m */; };
/* End PBXBuildFile section */

/* Begin PBXContainerItemProxy section */
		285BE82018BE20CA00863AE4 /* PBXContainerItemProxy */ = {
			isa = PBXContainerItemProxy;
			containerPortal = 285BE7F818BE20CA00863AE4 /* Project object */;
			proxyType = 1;
			remoteGlobalIDString = 285BE7FF18BE20CA00863AE4;
			remoteInfo = XLMailBoxContainer;
		};
/* End PBXContainerItemProxy section */

/* Begin PBXFileReference section */
		282ECBA919CDED3F00026184 /* NSJSONSerialization+XLJSONSerialization.h */ = {isa = PBXFileReference; fileEncoding = 4; lastKnownFileType = sourcecode.c.h; name = "NSJSONSerialization+XLJSONSerialization.h"; path = "Demo/Helpers/NSJSONSerialization+XLJSONSerialization.h"; sourceTree = "<group>"; };
		282ECBAA19CDED3F00026184 /* NSJSONSerialization+XLJSONSerialization.m */ = {isa = PBXFileReference; fileEncoding = 4; lastKnownFileType = sourcecode.c.objc; name = "NSJSONSerialization+XLJSONSerialization.m"; path = "Demo/Helpers/NSJSONSerialization+XLJSONSerialization.m"; sourceTree = "<group>"; };
		282ECBAC19CDED5B00026184 /* XLSwipeBarView.h */ = {isa = PBXFileReference; fileEncoding = 4; lastKnownFileType = sourcecode.c.h; name = XLSwipeBarView.h; path = XL/Views/XLSwipeBarView.h; sourceTree = "<group>"; };
		282ECBAD19CDED5B00026184 /* XLSwipeBarView.m */ = {isa = PBXFileReference; fileEncoding = 4; lastKnownFileType = sourcecode.c.objc; name = XLSwipeBarView.m; path = XL/Views/XLSwipeBarView.m; sourceTree = "<group>"; };
		282ECBB019CDF40900026184 /* PostCell.h */ = {isa = PBXFileReference; fileEncoding = 4; lastKnownFileType = sourcecode.c.h; path = PostCell.h; sourceTree = "<group>"; };
		282ECBB119CDF40900026184 /* PostCell.m */ = {isa = PBXFileReference; fileEncoding = 4; lastKnownFileType = sourcecode.c.objc; path = PostCell.m; sourceTree = "<group>"; };
		285BE80018BE20CA00863AE4 /* XLMailBoxContainer.app */ = {isa = PBXFileReference; explicitFileType = wrapper.application; includeInIndex = 0; path = XLMailBoxContainer.app; sourceTree = BUILT_PRODUCTS_DIR; };
		285BE80318BE20CA00863AE4 /* Foundation.framework */ = {isa = PBXFileReference; lastKnownFileType = wrapper.framework; name = Foundation.framework; path = System/Library/Frameworks/Foundation.framework; sourceTree = SDKROOT; };
		285BE80518BE20CA00863AE4 /* CoreGraphics.framework */ = {isa = PBXFileReference; lastKnownFileType = wrapper.framework; name = CoreGraphics.framework; path = System/Library/Frameworks/CoreGraphics.framework; sourceTree = SDKROOT; };
		285BE80718BE20CA00863AE4 /* UIKit.framework */ = {isa = PBXFileReference; lastKnownFileType = wrapper.framework; name = UIKit.framework; path = System/Library/Frameworks/UIKit.framework; sourceTree = SDKROOT; };
		285BE80B18BE20CA00863AE4 /* XLMailBoxContainer-Info.plist */ = {isa = PBXFileReference; lastKnownFileType = text.plist.xml; path = "XLMailBoxContainer-Info.plist"; sourceTree = "<group>"; };
		285BE80D18BE20CA00863AE4 /* en */ = {isa = PBXFileReference; lastKnownFileType = text.plist.strings; name = en; path = en.lproj/InfoPlist.strings; sourceTree = "<group>"; };
		285BE80F18BE20CA00863AE4 /* main.m */ = {isa = PBXFileReference; lastKnownFileType = sourcecode.c.objc; path = main.m; sourceTree = "<group>"; };
		285BE81118BE20CA00863AE4 /* XLMailBoxContainer-Prefix.pch */ = {isa = PBXFileReference; lastKnownFileType = sourcecode.c.h; path = "XLMailBoxContainer-Prefix.pch"; sourceTree = "<group>"; };
		285BE81218BE20CA00863AE4 /* AppDelegate.h */ = {isa = PBXFileReference; lastKnownFileType = sourcecode.c.h; path = AppDelegate.h; sourceTree = "<group>"; };
		285BE81318BE20CA00863AE4 /* AppDelegate.m */ = {isa = PBXFileReference; lastKnownFileType = sourcecode.c.objc; path = AppDelegate.m; sourceTree = "<group>"; };
		285BE81518BE20CA00863AE4 /* Images.xcassets */ = {isa = PBXFileReference; lastKnownFileType = folder.assetcatalog; path = Images.xcassets; sourceTree = "<group>"; };
		285BE81B18BE20CA00863AE4 /* XLMailBoxContainerTests.xctest */ = {isa = PBXFileReference; explicitFileType = wrapper.cfbundle; includeInIndex = 0; path = XLMailBoxContainerTests.xctest; sourceTree = BUILT_PRODUCTS_DIR; };
		285BE81C18BE20CA00863AE4 /* XCTest.framework */ = {isa = PBXFileReference; lastKnownFileType = wrapper.framework; name = XCTest.framework; path = Library/Frameworks/XCTest.framework; sourceTree = DEVELOPER_DIR; };
		285BE82418BE20CA00863AE4 /* XLMailBoxContainerTests-Info.plist */ = {isa = PBXFileReference; lastKnownFileType = text.plist.xml; path = "XLMailBoxContainerTests-Info.plist"; sourceTree = "<group>"; };
		285BE82618BE20CA00863AE4 /* en */ = {isa = PBXFileReference; lastKnownFileType = text.plist.strings; name = en; path = en.lproj/InfoPlist.strings; sourceTree = "<group>"; };
		285BE82818BE20CA00863AE4 /* XLMailBoxContainerTests.m */ = {isa = PBXFileReference; lastKnownFileType = sourcecode.c.objc; path = XLMailBoxContainerTests.m; sourceTree = "<group>"; };
		285BE83318BE24CE00863AE4 /* XLSwipeContainerController.h */ = {isa = PBXFileReference; fileEncoding = 4; lastKnownFileType = sourcecode.c.h; lineEnding = 0; name = XLSwipeContainerController.h; path = XL/XLSwipeContainerController.h; sourceTree = "<group>"; xcLanguageSpecificationIdentifier = xcode.lang.objcpp; };
		285BE83418BE24CE00863AE4 /* XLSwipeContainerController.m */ = {isa = PBXFileReference; fileEncoding = 4; lastKnownFileType = sourcecode.c.objc; lineEnding = 0; name = XLSwipeContainerController.m; path = XL/XLSwipeContainerController.m; sourceTree = "<group>"; xcLanguageSpecificationIdentifier = xcode.lang.objc; };
		285BE83E18BE278000863AE4 /* MailBoxTableChildViewController.h */ = {isa = PBXFileReference; fileEncoding = 4; lastKnownFileType = sourcecode.c.h; lineEnding = 0; name = MailBoxTableChildViewController.h; path = Demo/MailBoxTableChildViewController.h; sourceTree = "<group>"; xcLanguageSpecificationIdentifier = xcode.lang.objcpp; };
		285BE83F18BE278000863AE4 /* MailBoxTableChildViewController.m */ = {isa = PBXFileReference; fileEncoding = 4; lastKnownFileType = sourcecode.c.objc; lineEnding = 0; name = MailBoxTableChildViewController.m; path = Demo/MailBoxTableChildViewController.m; sourceTree = "<group>"; xcLanguageSpecificationIdentifier = xcode.lang.objc; };
		285BE84418BEC5B300863AE4 /* MailBoxChildViewController.h */ = {isa = PBXFileReference; fileEncoding = 4; lastKnownFileType = sourcecode.c.h; lineEnding = 0; name = MailBoxChildViewController.h; path = Demo/MailBoxChildViewController.h; sourceTree = "<group>"; xcLanguageSpecificationIdentifier = xcode.lang.objcpp; };
		285BE84518BEC5B300863AE4 /* MailBoxChildViewController.m */ = {isa = PBXFileReference; fileEncoding = 4; lastKnownFileType = sourcecode.c.objc; lineEnding = 0; name = MailBoxChildViewController.m; path = Demo/MailBoxChildViewController.m; sourceTree = "<group>"; xcLanguageSpecificationIdentifier = xcode.lang.objc; };
		28C0745519CB332B00D6ACA8 /* XLSegmentedSwipeContainerController.h */ = {isa = PBXFileReference; fileEncoding = 4; lastKnownFileType = sourcecode.c.h; lineEnding = 0; name = XLSegmentedSwipeContainerController.h; path = XL/XLSegmentedSwipeContainerController.h; sourceTree = "<group>"; xcLanguageSpecificationIdentifier = xcode.lang.objcpp; };
		28C0745619CB332B00D6ACA8 /* XLSegmentedSwipeContainerController.m */ = {isa = PBXFileReference; fileEncoding = 4; lastKnownFileType = sourcecode.c.objc; lineEnding = 0; name = XLSegmentedSwipeContainerController.m; path = XL/XLSegmentedSwipeContainerController.m; sourceTree = "<group>"; xcLanguageSpecificationIdentifier = xcode.lang.objc; };
		28C0745819CB6BC800D6ACA8 /* Storyboard.storyboard */ = {isa = PBXFileReference; fileEncoding = 4; lastKnownFileType = file.storyboard; name = Storyboard.storyboard; path = Demo/Storyboard.storyboard; sourceTree = "<group>"; };
		28C0745A19CB6F3600D6ACA8 /* StoryContainerViewController.h */ = {isa = PBXFileReference; fileEncoding = 4; lastKnownFileType = sourcecode.c.h; name = StoryContainerViewController.h; path = Demo/StoryContainerViewController.h; sourceTree = "<group>"; };
		28C0745B19CB6F3600D6ACA8 /* StoryContainerViewController.m */ = {isa = PBXFileReference; fileEncoding = 4; lastKnownFileType = sourcecode.c.objc; name = StoryContainerViewController.m; path = Demo/StoryContainerViewController.m; sourceTree = "<group>"; };
		28C0746419CCA13C00D6ACA8 /* XLBarSwipeContainerController.h */ = {isa = PBXFileReference; fileEncoding = 4; lastKnownFileType = sourcecode.c.h; name = XLBarSwipeContainerController.h; path = XL/XLBarSwipeContainerController.h; sourceTree = "<group>"; };
		28C0746519CCA13C00D6ACA8 /* XLBarSwipeContainerController.m */ = {isa = PBXFileReference; fileEncoding = 4; lastKnownFileType = sourcecode.c.objc; name = XLBarSwipeContainerController.m; path = XL/XLBarSwipeContainerController.m; sourceTree = "<group>"; };
		28C0746719CCDFFC00D6ACA8 /* XLSwipeButtonBarView.h */ = {isa = PBXFileReference; fileEncoding = 4; lastKnownFileType = sourcecode.c.h; name = XLSwipeButtonBarView.h; path = XL/Views/XLSwipeButtonBarView.h; sourceTree = "<group>"; };
		28C0746819CCDFFC00D6ACA8 /* XLSwipeButtonBarView.m */ = {isa = PBXFileReference; fileEncoding = 4; lastKnownFileType = sourcecode.c.objc; name = XLSwipeButtonBarView.m; path = XL/Views/XLSwipeButtonBarView.m; sourceTree = "<group>"; };
		28C0746A19CCF35B00D6ACA8 /* XLButtonBarSwipeContainerController.h */ = {isa = PBXFileReference; fileEncoding = 4; lastKnownFileType = sourcecode.c.h; name = XLButtonBarSwipeContainerController.h; path = XL/XLButtonBarSwipeContainerController.h; sourceTree = "<group>"; };
		28C0746B19CCF35B00D6ACA8 /* XLButtonBarSwipeContainerController.m */ = {isa = PBXFileReference; fileEncoding = 4; lastKnownFileType = sourcecode.c.objc; name = XLButtonBarSwipeContainerController.m; path = XL/XLButtonBarSwipeContainerController.m; sourceTree = "<group>"; };
/* End PBXFileReference section */

/* Begin PBXFrameworksBuildPhase section */
		285BE7FD18BE20CA00863AE4 /* Frameworks */ = {
			isa = PBXFrameworksBuildPhase;
			buildActionMask = 2147483647;
			files = (
				285BE80618BE20CA00863AE4 /* CoreGraphics.framework in Frameworks */,
				285BE80818BE20CA00863AE4 /* UIKit.framework in Frameworks */,
				285BE80418BE20CA00863AE4 /* Foundation.framework in Frameworks */,
			);
			runOnlyForDeploymentPostprocessing = 0;
		};
		285BE81818BE20CA00863AE4 /* Frameworks */ = {
			isa = PBXFrameworksBuildPhase;
			buildActionMask = 2147483647;
			files = (
				285BE81D18BE20CA00863AE4 /* XCTest.framework in Frameworks */,
				285BE81F18BE20CA00863AE4 /* UIKit.framework in Frameworks */,
				285BE81E18BE20CA00863AE4 /* Foundation.framework in Frameworks */,
			);
			runOnlyForDeploymentPostprocessing = 0;
		};
/* End PBXFrameworksBuildPhase section */

/* Begin PBXGroup section */
		282ECBA319CDEAF700026184 /* ChildViewController */ = {
			isa = PBXGroup;
			children = (
				282ECBAF19CDF40900026184 /* Views */,
			);
			name = ChildViewController;
			sourceTree = "<group>";
		};
		282ECBA719CDEC9A00026184 /* Helpers */ = {
			isa = PBXGroup;
			children = (
				282ECBA919CDED3F00026184 /* NSJSONSerialization+XLJSONSerialization.h */,
				282ECBAA19CDED3F00026184 /* NSJSONSerialization+XLJSONSerialization.m */,
			);
			name = Helpers;
			sourceTree = "<group>";
		};
		282ECBAF19CDF40900026184 /* Views */ = {
			isa = PBXGroup;
			children = (
				282ECBB019CDF40900026184 /* PostCell.h */,
				282ECBB119CDF40900026184 /* PostCell.m */,
			);
			name = Views;
			path = Demo/ChildViewController/Views;
			sourceTree = "<group>";
		};
		285BE7F718BE20CA00863AE4 = {
			isa = PBXGroup;
			children = (
				285BE80918BE20CA00863AE4 /* XLMailBoxContainer */,
				285BE82218BE20CA00863AE4 /* XLMailBoxContainerTests */,
				285BE80218BE20CA00863AE4 /* Frameworks */,
				285BE80118BE20CA00863AE4 /* Products */,
			);
			sourceTree = "<group>";
		};
		285BE80118BE20CA00863AE4 /* Products */ = {
			isa = PBXGroup;
			children = (
				285BE80018BE20CA00863AE4 /* XLMailBoxContainer.app */,
				285BE81B18BE20CA00863AE4 /* XLMailBoxContainerTests.xctest */,
			);
			name = Products;
			sourceTree = "<group>";
		};
		285BE80218BE20CA00863AE4 /* Frameworks */ = {
			isa = PBXGroup;
			children = (
				285BE80318BE20CA00863AE4 /* Foundation.framework */,
				285BE80518BE20CA00863AE4 /* CoreGraphics.framework */,
				285BE80718BE20CA00863AE4 /* UIKit.framework */,
				285BE81C18BE20CA00863AE4 /* XCTest.framework */,
			);
			name = Frameworks;
			sourceTree = "<group>";
		};
		285BE80918BE20CA00863AE4 /* XLMailBoxContainer */ = {
			isa = PBXGroup;
			children = (
				285BE83D18BE271C00863AE4 /* Demo */,
				285BE83218BE210100863AE4 /* XL */,
				285BE81218BE20CA00863AE4 /* AppDelegate.h */,
				285BE81318BE20CA00863AE4 /* AppDelegate.m */,
				285BE81518BE20CA00863AE4 /* Images.xcassets */,
				285BE80A18BE20CA00863AE4 /* Supporting Files */,
			);
			path = XLMailBoxContainer;
			sourceTree = "<group>";
		};
		285BE80A18BE20CA00863AE4 /* Supporting Files */ = {
			isa = PBXGroup;
			children = (
				285BE80B18BE20CA00863AE4 /* XLMailBoxContainer-Info.plist */,
				285BE80C18BE20CA00863AE4 /* InfoPlist.strings */,
				285BE80F18BE20CA00863AE4 /* main.m */,
				285BE81118BE20CA00863AE4 /* XLMailBoxContainer-Prefix.pch */,
			);
			name = "Supporting Files";
			sourceTree = "<group>";
		};
		285BE82218BE20CA00863AE4 /* XLMailBoxContainerTests */ = {
			isa = PBXGroup;
			children = (
				285BE82818BE20CA00863AE4 /* XLMailBoxContainerTests.m */,
				285BE82318BE20CA00863AE4 /* Supporting Files */,
			);
			path = XLMailBoxContainerTests;
			sourceTree = "<group>";
		};
		285BE82318BE20CA00863AE4 /* Supporting Files */ = {
			isa = PBXGroup;
			children = (
				285BE82418BE20CA00863AE4 /* XLMailBoxContainerTests-Info.plist */,
				285BE82518BE20CA00863AE4 /* InfoPlist.strings */,
			);
			name = "Supporting Files";
			sourceTree = "<group>";
		};
		285BE83218BE210100863AE4 /* XL */ = {
			isa = PBXGroup;
			children = (
				28C0746019CC8A8100D6ACA8 /* Views */,
				285BE83318BE24CE00863AE4 /* XLSwipeContainerController.h */,
				285BE83418BE24CE00863AE4 /* XLSwipeContainerController.m */,
				28C0745519CB332B00D6ACA8 /* XLSegmentedSwipeContainerController.h */,
				28C0745619CB332B00D6ACA8 /* XLSegmentedSwipeContainerController.m */,
				28C0746419CCA13C00D6ACA8 /* XLBarSwipeContainerController.h */,
				28C0746519CCA13C00D6ACA8 /* XLBarSwipeContainerController.m */,
				28C0746A19CCF35B00D6ACA8 /* XLButtonBarSwipeContainerController.h */,
				28C0746B19CCF35B00D6ACA8 /* XLButtonBarSwipeContainerController.m */,
			);
			name = XL;
			sourceTree = "<group>";
		};
		285BE83D18BE271C00863AE4 /* Demo */ = {
			isa = PBXGroup;
			children = (
				282ECBA719CDEC9A00026184 /* Helpers */,
				282ECBA319CDEAF700026184 /* ChildViewController */,
				285BE83E18BE278000863AE4 /* MailBoxTableChildViewController.h */,
				285BE83F18BE278000863AE4 /* MailBoxTableChildViewController.m */,
				285BE84418BEC5B300863AE4 /* MailBoxChildViewController.h */,
				285BE84518BEC5B300863AE4 /* MailBoxChildViewController.m */,
				28C0745819CB6BC800D6ACA8 /* Storyboard.storyboard */,
				28C0745A19CB6F3600D6ACA8 /* StoryContainerViewController.h */,
				28C0745B19CB6F3600D6ACA8 /* StoryContainerViewController.m */,
			);
			name = Demo;
			sourceTree = "<group>";
		};
		28C0746019CC8A8100D6ACA8 /* Views */ = {
			isa = PBXGroup;
			children = (
				282ECBAC19CDED5B00026184 /* XLSwipeBarView.h */,
				282ECBAD19CDED5B00026184 /* XLSwipeBarView.m */,
				28C0746719CCDFFC00D6ACA8 /* XLSwipeButtonBarView.h */,
				28C0746819CCDFFC00D6ACA8 /* XLSwipeButtonBarView.m */,
			);
			name = Views;
			sourceTree = "<group>";
		};
/* End PBXGroup section */

/* Begin PBXNativeTarget section */
		285BE7FF18BE20CA00863AE4 /* XLMailBoxContainer */ = {
			isa = PBXNativeTarget;
			buildConfigurationList = 285BE82C18BE20CA00863AE4 /* Build configuration list for PBXNativeTarget "XLMailBoxContainer" */;
			buildPhases = (
				285BE7FC18BE20CA00863AE4 /* Sources */,
				285BE7FD18BE20CA00863AE4 /* Frameworks */,
				285BE7FE18BE20CA00863AE4 /* Resources */,
			);
			buildRules = (
			);
			dependencies = (
			);
			name = XLMailBoxContainer;
			productName = XLMailBoxContainer;
			productReference = 285BE80018BE20CA00863AE4 /* XLMailBoxContainer.app */;
			productType = "com.apple.product-type.application";
		};
		285BE81A18BE20CA00863AE4 /* XLMailBoxContainerTests */ = {
			isa = PBXNativeTarget;
			buildConfigurationList = 285BE82F18BE20CA00863AE4 /* Build configuration list for PBXNativeTarget "XLMailBoxContainerTests" */;
			buildPhases = (
				285BE81718BE20CA00863AE4 /* Sources */,
				285BE81818BE20CA00863AE4 /* Frameworks */,
				285BE81918BE20CA00863AE4 /* Resources */,
			);
			buildRules = (
			);
			dependencies = (
				285BE82118BE20CA00863AE4 /* PBXTargetDependency */,
			);
			name = XLMailBoxContainerTests;
			productName = XLMailBoxContainerTests;
			productReference = 285BE81B18BE20CA00863AE4 /* XLMailBoxContainerTests.xctest */;
			productType = "com.apple.product-type.bundle.unit-test";
		};
/* End PBXNativeTarget section */

/* Begin PBXProject section */
		285BE7F818BE20CA00863AE4 /* Project object */ = {
			isa = PBXProject;
			attributes = {
				LastUpgradeCheck = 0510;
				ORGANIZATIONNAME = Xmartlabs;
				TargetAttributes = {
					285BE81A18BE20CA00863AE4 = {
						TestTargetID = 285BE7FF18BE20CA00863AE4;
					};
				};
			};
			buildConfigurationList = 285BE7FB18BE20CA00863AE4 /* Build configuration list for PBXProject "XLMailBoxContainer" */;
			compatibilityVersion = "Xcode 3.2";
			developmentRegion = English;
			hasScannedForEncodings = 0;
			knownRegions = (
				en,
			);
			mainGroup = 285BE7F718BE20CA00863AE4;
			productRefGroup = 285BE80118BE20CA00863AE4 /* Products */;
			projectDirPath = "";
			projectRoot = "";
			targets = (
				285BE7FF18BE20CA00863AE4 /* XLMailBoxContainer */,
				285BE81A18BE20CA00863AE4 /* XLMailBoxContainerTests */,
			);
		};
/* End PBXProject section */

/* Begin PBXResourcesBuildPhase section */
		285BE7FE18BE20CA00863AE4 /* Resources */ = {
			isa = PBXResourcesBuildPhase;
			buildActionMask = 2147483647;
			files = (
				285BE80E18BE20CA00863AE4 /* InfoPlist.strings in Resources */,
				285BE81618BE20CA00863AE4 /* Images.xcassets in Resources */,
				28C0745919CB6BC800D6ACA8 /* Storyboard.storyboard in Resources */,
			);
			runOnlyForDeploymentPostprocessing = 0;
		};
		285BE81918BE20CA00863AE4 /* Resources */ = {
			isa = PBXResourcesBuildPhase;
			buildActionMask = 2147483647;
			files = (
				285BE82718BE20CA00863AE4 /* InfoPlist.strings in Resources */,
			);
			runOnlyForDeploymentPostprocessing = 0;
		};
/* End PBXResourcesBuildPhase section */

/* Begin PBXSourcesBuildPhase section */
		285BE7FC18BE20CA00863AE4 /* Sources */ = {
			isa = PBXSourcesBuildPhase;
			buildActionMask = 2147483647;
			files = (
				28C0746C19CCF35B00D6ACA8 /* XLButtonBarSwipeContainerController.m in Sources */,
				285BE84018BE278000863AE4 /* MailBoxTableChildViewController.m in Sources */,
				28C0746619CCA13C00D6ACA8 /* XLBarSwipeContainerController.m in Sources */,
				28C0746919CCDFFC00D6ACA8 /* XLSwipeButtonBarView.m in Sources */,
				285BE83918BE24CE00863AE4 /* XLSwipeContainerController.m in Sources */,
				28C0745719CB332B00D6ACA8 /* XLSegmentedSwipeContainerController.m in Sources */,
				28C0745C19CB6F3600D6ACA8 /* StoryContainerViewController.m in Sources */,
				285BE81418BE20CA00863AE4 /* AppDelegate.m in Sources */,
				285BE84618BEC5B300863AE4 /* MailBoxChildViewController.m in Sources */,
				282ECBAE19CDED5B00026184 /* XLSwipeBarView.m in Sources */,
				282ECBB219CDF40900026184 /* PostCell.m in Sources */,
				282ECBAB19CDED3F00026184 /* NSJSONSerialization+XLJSONSerialization.m in Sources */,
				285BE81018BE20CA00863AE4 /* main.m in Sources */,
			);
			runOnlyForDeploymentPostprocessing = 0;
		};
		285BE81718BE20CA00863AE4 /* Sources */ = {
			isa = PBXSourcesBuildPhase;
			buildActionMask = 2147483647;
			files = (
				285BE82918BE20CA00863AE4 /* XLMailBoxContainerTests.m in Sources */,
			);
			runOnlyForDeploymentPostprocessing = 0;
		};
/* End PBXSourcesBuildPhase section */

/* Begin PBXTargetDependency section */
		285BE82118BE20CA00863AE4 /* PBXTargetDependency */ = {
			isa = PBXTargetDependency;
			target = 285BE7FF18BE20CA00863AE4 /* XLMailBoxContainer */;
			targetProxy = 285BE82018BE20CA00863AE4 /* PBXContainerItemProxy */;
		};
/* End PBXTargetDependency section */

/* Begin PBXVariantGroup section */
		285BE80C18BE20CA00863AE4 /* InfoPlist.strings */ = {
			isa = PBXVariantGroup;
			children = (
				285BE80D18BE20CA00863AE4 /* en */,
			);
			name = InfoPlist.strings;
			sourceTree = "<group>";
		};
		285BE82518BE20CA00863AE4 /* InfoPlist.strings */ = {
			isa = PBXVariantGroup;
			children = (
				285BE82618BE20CA00863AE4 /* en */,
			);
			name = InfoPlist.strings;
			sourceTree = "<group>";
		};
/* End PBXVariantGroup section */

/* Begin XCBuildConfiguration section */
		285BE82A18BE20CA00863AE4 /* Debug */ = {
			isa = XCBuildConfiguration;
			buildSettings = {
				ALWAYS_SEARCH_USER_PATHS = NO;
				CLANG_CXX_LANGUAGE_STANDARD = "gnu++0x";
				CLANG_CXX_LIBRARY = "libc++";
				CLANG_ENABLE_MODULES = YES;
				CLANG_ENABLE_OBJC_ARC = YES;
				CLANG_WARN_BOOL_CONVERSION = YES;
				CLANG_WARN_CONSTANT_CONVERSION = YES;
				CLANG_WARN_DIRECT_OBJC_ISA_USAGE = YES_ERROR;
				CLANG_WARN_EMPTY_BODY = YES;
				CLANG_WARN_ENUM_CONVERSION = YES;
				CLANG_WARN_INT_CONVERSION = YES;
				CLANG_WARN_OBJC_ROOT_CLASS = YES_ERROR;
				CLANG_WARN__DUPLICATE_METHOD_MATCH = YES;
				"CODE_SIGN_IDENTITY[sdk=iphoneos*]" = "iPhone Developer";
				COPY_PHASE_STRIP = NO;
				GCC_C_LANGUAGE_STANDARD = gnu99;
				GCC_DYNAMIC_NO_PIC = NO;
				GCC_OPTIMIZATION_LEVEL = 0;
				GCC_PREPROCESSOR_DEFINITIONS = (
					"DEBUG=1",
					"$(inherited)",
				);
				GCC_SYMBOLS_PRIVATE_EXTERN = NO;
				GCC_WARN_64_TO_32_BIT_CONVERSION = YES;
				GCC_WARN_ABOUT_RETURN_TYPE = YES_ERROR;
				GCC_WARN_UNDECLARED_SELECTOR = YES;
				GCC_WARN_UNINITIALIZED_AUTOS = YES;
				GCC_WARN_UNUSED_FUNCTION = YES;
				GCC_WARN_UNUSED_VARIABLE = YES;
				IPHONEOS_DEPLOYMENT_TARGET = 7.0;
				ONLY_ACTIVE_ARCH = YES;
				SDKROOT = iphoneos;
			};
			name = Debug;
		};
		285BE82B18BE20CA00863AE4 /* Release */ = {
			isa = XCBuildConfiguration;
			buildSettings = {
				ALWAYS_SEARCH_USER_PATHS = NO;
				CLANG_CXX_LANGUAGE_STANDARD = "gnu++0x";
				CLANG_CXX_LIBRARY = "libc++";
				CLANG_ENABLE_MODULES = YES;
				CLANG_ENABLE_OBJC_ARC = YES;
				CLANG_WARN_BOOL_CONVERSION = YES;
				CLANG_WARN_CONSTANT_CONVERSION = YES;
				CLANG_WARN_DIRECT_OBJC_ISA_USAGE = YES_ERROR;
				CLANG_WARN_EMPTY_BODY = YES;
				CLANG_WARN_ENUM_CONVERSION = YES;
				CLANG_WARN_INT_CONVERSION = YES;
				CLANG_WARN_OBJC_ROOT_CLASS = YES_ERROR;
				CLANG_WARN__DUPLICATE_METHOD_MATCH = YES;
				"CODE_SIGN_IDENTITY[sdk=iphoneos*]" = "iPhone Developer";
				COPY_PHASE_STRIP = YES;
				ENABLE_NS_ASSERTIONS = NO;
				GCC_C_LANGUAGE_STANDARD = gnu99;
				GCC_WARN_64_TO_32_BIT_CONVERSION = YES;
				GCC_WARN_ABOUT_RETURN_TYPE = YES_ERROR;
				GCC_WARN_UNDECLARED_SELECTOR = YES;
				GCC_WARN_UNINITIALIZED_AUTOS = YES;
				GCC_WARN_UNUSED_FUNCTION = YES;
				GCC_WARN_UNUSED_VARIABLE = YES;
				IPHONEOS_DEPLOYMENT_TARGET = 7.0;
				SDKROOT = iphoneos;
				VALIDATE_PRODUCT = YES;
			};
			name = Release;
		};
		285BE82D18BE20CA00863AE4 /* Debug */ = {
			isa = XCBuildConfiguration;
			buildSettings = {
				ASSETCATALOG_COMPILER_APPICON_NAME = AppIcon;
				ASSETCATALOG_COMPILER_LAUNCHIMAGE_NAME = LaunchImage;
				GCC_PRECOMPILE_PREFIX_HEADER = YES;
				GCC_PREFIX_HEADER = "XLMailBoxContainer/XLMailBoxContainer-Prefix.pch";
				INFOPLIST_FILE = "XLMailBoxContainer/XLMailBoxContainer-Info.plist";
				PRODUCT_NAME = "$(TARGET_NAME)";
				WRAPPER_EXTENSION = app;
			};
			name = Debug;
		};
		285BE82E18BE20CA00863AE4 /* Release */ = {
			isa = XCBuildConfiguration;
			buildSettings = {
				ASSETCATALOG_COMPILER_APPICON_NAME = AppIcon;
				ASSETCATALOG_COMPILER_LAUNCHIMAGE_NAME = LaunchImage;
				GCC_PRECOMPILE_PREFIX_HEADER = YES;
				GCC_PREFIX_HEADER = "XLMailBoxContainer/XLMailBoxContainer-Prefix.pch";
				INFOPLIST_FILE = "XLMailBoxContainer/XLMailBoxContainer-Info.plist";
				PRODUCT_NAME = "$(TARGET_NAME)";
				WRAPPER_EXTENSION = app;
			};
			name = Release;
		};
		285BE83018BE20CA00863AE4 /* Debug */ = {
			isa = XCBuildConfiguration;
			buildSettings = {
				BUNDLE_LOADER = "$(BUILT_PRODUCTS_DIR)/XLMailBoxContainer.app/XLMailBoxContainer";
				FRAMEWORK_SEARCH_PATHS = (
					"$(SDKROOT)/Developer/Library/Frameworks",
					"$(inherited)",
					"$(DEVELOPER_FRAMEWORKS_DIR)",
				);
				GCC_PRECOMPILE_PREFIX_HEADER = YES;
				GCC_PREFIX_HEADER = "XLMailBoxContainer/XLMailBoxContainer-Prefix.pch";
				GCC_PREPROCESSOR_DEFINITIONS = (
					"DEBUG=1",
					"$(inherited)",
				);
				INFOPLIST_FILE = "XLMailBoxContainerTests/XLMailBoxContainerTests-Info.plist";
				PRODUCT_NAME = "$(TARGET_NAME)";
				TEST_HOST = "$(BUNDLE_LOADER)";
				WRAPPER_EXTENSION = xctest;
			};
			name = Debug;
		};
		285BE83118BE20CA00863AE4 /* Release */ = {
			isa = XCBuildConfiguration;
			buildSettings = {
				BUNDLE_LOADER = "$(BUILT_PRODUCTS_DIR)/XLMailBoxContainer.app/XLMailBoxContainer";
				FRAMEWORK_SEARCH_PATHS = (
					"$(SDKROOT)/Developer/Library/Frameworks",
					"$(inherited)",
					"$(DEVELOPER_FRAMEWORKS_DIR)",
				);
				GCC_PRECOMPILE_PREFIX_HEADER = YES;
				GCC_PREFIX_HEADER = "XLMailBoxContainer/XLMailBoxContainer-Prefix.pch";
				INFOPLIST_FILE = "XLMailBoxContainerTests/XLMailBoxContainerTests-Info.plist";
				PRODUCT_NAME = "$(TARGET_NAME)";
				TEST_HOST = "$(BUNDLE_LOADER)";
				WRAPPER_EXTENSION = xctest;
			};
			name = Release;
		};
/* End XCBuildConfiguration section */

/* Begin XCConfigurationList section */
		285BE7FB18BE20CA00863AE4 /* Build configuration list for PBXProject "XLMailBoxContainer" */ = {
			isa = XCConfigurationList;
			buildConfigurations = (
				285BE82A18BE20CA00863AE4 /* Debug */,
				285BE82B18BE20CA00863AE4 /* Release */,
			);
			defaultConfigurationIsVisible = 0;
			defaultConfigurationName = Release;
		};
		285BE82C18BE20CA00863AE4 /* Build configuration list for PBXNativeTarget "XLMailBoxContainer" */ = {
			isa = XCConfigurationList;
			buildConfigurations = (
				285BE82D18BE20CA00863AE4 /* Debug */,
				285BE82E18BE20CA00863AE4 /* Release */,
			);
			defaultConfigurationIsVisible = 0;
			defaultConfigurationName = Release;
		};
		285BE82F18BE20CA00863AE4 /* Build configuration list for PBXNativeTarget "XLMailBoxContainerTests" */ = {
			isa = XCConfigurationList;
			buildConfigurations = (
				285BE83018BE20CA00863AE4 /* Debug */,
				285BE83118BE20CA00863AE4 /* Release */,
			);
			defaultConfigurationIsVisible = 0;
			defaultConfigurationName = Release;
		};
/* End XCConfigurationList section */
	};
	rootObject = 285BE7F818BE20CA00863AE4 /* Project object */;
}
